
Microsoft Visual Studio Solution File, Format Version 12.00
Project("{FAE04EC0-301F-11D3-BF4B-00C04F79EFBC}") = "CSharpOsuApi", "CSharpOsuApi\CSharpOsuApi.csproj", "{B35E21D4-663C-4C31-B0B7-E7D4D7F7D300}"
EndProject
Global
	GlobalSection(SolutionConfigurationPlatforms) = preSolution
		Debug|Any CPU = Debug|Any CPU
		Release|Any CPU = Release|Any CPU
	EndGlobalSection
	GlobalSection(ProjectConfigurationPlatforms) = postSolution
		{B35E21D4-663C-4C31-B0B7-E7D4D7F7D300}.Debug|Any CPU.ActiveCfg = Debug|Any CPU
		{B35E21D4-663C-4C31-B0B7-E7D4D7F7D300}.Debug|Any CPU.Build.0 = Debug|Any CPU
		{B35E21D4-663C-4C31-B0B7-E7D4D7F7D300}.Release|Any CPU.ActiveCfg = Release|Any CPU
		{B35E21D4-663C-4C31-B0B7-E7D4D7F7D300}.Release|Any CPU.Build.0 = Release|Any CPU
	EndGlobalSection
EndGlobal
